
Microsoft Visual Studio Solution File, Format Version 12.00
# Visual Studio Version 17
VisualStudioVersion = 17.10.35027.167
MinimumVisualStudioVersion = 10.0.40219.1
Project("{2150E333-8FDC-42A3-9474-1A3956D46DE8}") = "Solution Items", "Solution Items", "{97E4AA65-CD7C-414E-9E4C-C6AD18E3AE22}"
	ProjectSection(SolutionItems) = preProject
		Directory.Build.props = Directory.Build.props
	EndProjectSection
EndProject
Project("{9A19103F-16F7-4668-BE54-9A1E7A4F7556}") = "AdvancedSystems.Connector.Abstractions", "AdvancedSystems.Connector.Abstractions\AdvancedSystems.Connector.Abstractions.csproj", "{15A63901-3797-407B-8D8F-42A2C46A3E45}"
EndProject
Project("{9A19103F-16F7-4668-BE54-9A1E7A4F7556}") = "AdvancedSystems.Connector", "AdvancedSystems.Connector\AdvancedSystems.Connector.csproj", "{3D582FC1-A594-4438-872D-415154846C13}"
EndProject
Global
	GlobalSection(SolutionConfigurationPlatforms) = preSolution
		Debug|Any CPU = Debug|Any CPU
		Release|Any CPU = Release|Any CPU
	EndGlobalSection
	GlobalSection(ProjectConfigurationPlatforms) = postSolution
		{15A63901-3797-407B-8D8F-42A2C46A3E45}.Debug|Any CPU.ActiveCfg = Debug|Any CPU
		{15A63901-3797-407B-8D8F-42A2C46A3E45}.Debug|Any CPU.Build.0 = Debug|Any CPU
		{15A63901-3797-407B-8D8F-42A2C46A3E45}.Release|Any CPU.ActiveCfg = Release|Any CPU
		{15A63901-3797-407B-8D8F-42A2C46A3E45}.Release|Any CPU.Build.0 = Release|Any CPU
		{3D582FC1-A594-4438-872D-415154846C13}.Debug|Any CPU.ActiveCfg = Debug|Any CPU
		{3D582FC1-A594-4438-872D-415154846C13}.Debug|Any CPU.Build.0 = Debug|Any CPU
		{3D582FC1-A594-4438-872D-415154846C13}.Release|Any CPU.ActiveCfg = Release|Any CPU
		{3D582FC1-A594-4438-872D-415154846C13}.Release|Any CPU.Build.0 = Release|Any CPU
	EndGlobalSection
	GlobalSection(SolutionProperties) = preSolution
		HideSolutionNode = FALSE
	EndGlobalSection
	GlobalSection(ExtensibilityGlobals) = postSolution
		SolutionGuid = {FA974743-CE85-4323-AAEC-0A6FE69E50E7}
	EndGlobalSection
EndGlobal
